{
    "_readme": [
        "This file locks the dependencies of your project to a known state",
        "Read more about it at http://getcomposer.org/doc/01-basic-usage.md#composer-lock-the-lock-file",
        "This file is @generated automatically"
    ],
    "hash": "1cca78b58a83d8825bb07f0c4063ccf1",
    "packages": [
        {
            "name": "thetwelvelabs/foursquare",
            "version": "v0.2.1",
            "source": {
                "type": "git",
                "url": "https://github.com/chriswoodford/foursquare-php.git",
                "reference": "4886d4f8ec202ff7a56bfcdc8b95083b9373604d"
            },
            "dist": {
                "type": "zip",
                "url": "https://api.github.com/repos/chriswoodford/foursquare-php/zipball/4886d4f8ec202ff7a56bfcdc8b95083b9373604d",
                "reference": "4886d4f8ec202ff7a56bfcdc8b95083b9373604d",
                "shasum": ""
            },
            "require": {
                "ext-curl": "*",
                "php": ">=5.3.3"
            },
            "require-dev": {
                "haxx-se/curl": "1.0.0",
                "kriswallsmith/buzz": "0.7.*",
                "symfony/http-foundation": "2.2.*"
            },
            "suggest": {
                "kriswallsmith/buzz": "Use Buzz for HTTP Requests",
                "symfony/http-foundation": "Use Symfony for HTTP Requests and/or Redirects"
            },
            "type": "library",
            "autoload": {
                "psr-0": {
                    "TheTwelve\\Foursquare\\": "lib"
                }
            },
            "notification-url": "https://packagist.org/downloads/",
            "license": [
                "MIT"
            ],
            "authors": [
                {
                    "name": "Chris Woodford",
                    "email": "chris.woodford@gmail.com",
                    "homepage": "http://ideapatterns.com",
                    "role": "Developer"
                }
            ],
            "description": "Foursquare API Client",
            "homepage": "http://thetwelvelabs.com",
            "keywords": [
                "foursquare"
            ],
            "time": "2013-10-23 13:43:31"
        }
    ],
    "packages-dev": [],
    "aliases": [],
    "minimum-stability": "stable",
    "stability-flags": [],
    "platform": [],
    "platform-dev": []
}
