{
    "_readme": [
        "This file locks the dependencies of your project to a known state",
        "Read more about it at http://getcomposer.org/doc/01-basic-usage.md#composer-lock-the-lock-file",
        "This file is @generated automatically"
    ],
    "hash": "1a9731c586fd0e532e34d4038786a976",
    "packages": [
        {
            "name": "dibi/dibi",
            "version": "v2.2.1",
            "source": {
                "type": "git",
                "url": "https://github.com/dg/dibi.git",
                "reference": "c32251357dcc8a45b748ecf9bbc99b449de98be3"
            },
            "dist": {
                "type": "zip",
                "url": "https://api.github.com/repos/dg/dibi/zipball/c32251357dcc8a45b748ecf9bbc99b449de98be3",
                "reference": "c32251357dcc8a45b748ecf9bbc99b449de98be3",
                "shasum": ""
            },
            "require": {
                "php": ">=5.2.0"
            },
            "replace": {
                "dg/dibi": "self.version"
            },
            "require-dev": {
                "nette/tester": "~1.1"
            },
            "type": "library",
            "extra": {
                "branch-alias": {
                    "dev-master": "2.2-dev"
                }
            },
            "autoload": {
                "classmap": [
                    "dibi/"
                ]
            },
            "notification-url": "https://packagist.org/downloads/",
            "license": [
                "BSD-3-Clause",
                "GPL-2.0",
                "GPL-3.0"
            ],
            "authors": [
                {
                    "name": "David Grudl",
                    "homepage": "http://davidgrudl.com"
                }
            ],
            "description": "Dibi is Database Abstraction Library for PHP",
            "homepage": "http://dibiphp.com",
            "keywords": [
                "access",
                "database",
                "dbal",
                "mssql",
                "mysql",
                "odbc",
                "oracle",
                "pdo",
                "postgresql",
                "sqlite"
            ],
            "time": "2014-06-11 14:16:32"
        },
        {
            "name": "haxx-se/curl",
            "version": "1.0.0",
            "dist": {
                "type": "file",
                "url": "http://curl.haxx.se/ca/cacert.pem",
                "reference": null,
                "shasum": null
            },
            "type": "library"
        },
        {
            "name": "thetwelvelabs/foursquare",
            "version": "v0.2.1",
            "source": {
                "type": "git",
                "url": "https://github.com/chriswoodford/foursquare-php.git",
                "reference": "4886d4f8ec202ff7a56bfcdc8b95083b9373604d"
            },
            "dist": {
                "type": "zip",
                "url": "https://api.github.com/repos/chriswoodford/foursquare-php/zipball/4886d4f8ec202ff7a56bfcdc8b95083b9373604d",
                "reference": "4886d4f8ec202ff7a56bfcdc8b95083b9373604d",
                "shasum": ""
            },
            "require": {
                "ext-curl": "*",
                "php": ">=5.3.3"
            },
            "require-dev": {
                "haxx-se/curl": "1.0.0",
                "kriswallsmith/buzz": "0.7.*",
                "symfony/http-foundation": "2.2.*"
            },
            "suggest": {
                "kriswallsmith/buzz": "Use Buzz for HTTP Requests",
                "symfony/http-foundation": "Use Symfony for HTTP Requests and/or Redirects"
            },
            "type": "library",
            "autoload": {
                "psr-0": {
                    "TheTwelve\\Foursquare\\": "lib"
                }
            },
            "notification-url": "https://packagist.org/downloads/",
            "license": [
                "MIT"
            ],
            "authors": [
                {
                    "name": "Chris Woodford",
                    "email": "chris.woodford@gmail.com",
                    "homepage": "http://ideapatterns.com",
                    "role": "Developer"
                }
            ],
            "description": "Foursquare API Client",
            "homepage": "http://thetwelvelabs.com",
            "keywords": [
                "foursquare"
            ],
            "time": "2013-10-23 13:43:31"
        },
        {
            "name": "tracy/tracy",
            "version": "v2.2.2",
            "source": {
                "type": "git",
                "url": "https://github.com/nette/tracy.git",
                "reference": "f5a2647c9d0174d218d626eab3952ea3a523c6e7"
            },
            "dist": {
                "type": "zip",
                "url": "https://api.github.com/repos/nette/tracy/zipball/f5a2647c9d0174d218d626eab3952ea3a523c6e7",
                "reference": "f5a2647c9d0174d218d626eab3952ea3a523c6e7",
                "shasum": ""
            },
            "require": {
                "php": ">=5.3.1"
            },
            "require-dev": {
                "nette/tester": "~1.0"
            },
            "type": "library",
            "autoload": {
                "classmap": [
                    "src/Tracy"
                ],
                "files": [
                    "src/shortcuts.php"
                ]
            },
            "notification-url": "https://packagist.org/downloads/",
            "license": [
                "BSD-3-Clause",
                "GPL-2.0",
                "GPL-3.0"
            ],
            "authors": [
                {
                    "name": "David Grudl",
                    "homepage": "http://davidgrudl.com"
                },
                {
                    "name": "Nette Community",
                    "homepage": "http://nette.org/contributors"
                }
            ],
            "description": "Tracy: useful PHP debugger",
            "homepage": "http://tracy.nette.org",
            "keywords": [
                "debug",
                "debugger",
                "nette"
            ],
            "time": "2014-06-24 01:18:03"
        }
    ],
    "packages-dev": [],
    "aliases": [],
    "minimum-stability": "stable",
    "stability-flags": [],
    "platform": [],
    "platform-dev": []
}
